
Microsoft Visual Studio Solution File, Format Version 12.00
# Visual Studio Version 17
VisualStudioVersion = 17.2.32630.192
MinimumVisualStudioVersion = 10.0.40219.1
Project("{FAE04EC0-301F-11D3-BF4B-00C04F79EFBC}") = "Ultimate-Weather-App", "Ultimate-Weather-App\Ultimate-Weather-App.csproj", "{A1B12714-B64B-408E-A015-91A61FCF4130}"
EndProject
Global
	GlobalSection(SolutionConfigurationPlatforms) = preSolution
		Debug|Any CPU = Debug|Any CPU
		Release|Any CPU = Release|Any CPU
	EndGlobalSection
	GlobalSection(ProjectConfigurationPlatforms) = postSolution
		{A1B12714-B64B-408E-A015-91A61FCF4130}.Debug|Any CPU.ActiveCfg = Debug|Any CPU
		{A1B12714-B64B-408E-A015-91A61FCF4130}.Debug|Any CPU.Build.0 = Debug|Any CPU
		{A1B12714-B64B-408E-A015-91A61FCF4130}.Release|Any CPU.ActiveCfg = Release|Any CPU
		{A1B12714-B64B-408E-A015-91A61FCF4130}.Release|Any CPU.Build.0 = Release|Any CPU
	EndGlobalSection
	GlobalSection(SolutionProperties) = preSolution
		HideSolutionNode = FALSE
	EndGlobalSection
	GlobalSection(ExtensibilityGlobals) = postSolution
		SolutionGuid = {F8F95452-8880-4FC0-85DC-5A00542AB511}
	EndGlobalSection
EndGlobal
